
Microsoft Visual Studio Solution File, Format Version 12.00
Project("{FAE04EC0-301F-11D3-BF4B-00C04F79EFBC}") = "FustionCalcTest", "FustionCalcTest\FustionCalcTest.csproj", "{BFB506D8-3BBB-4E76-82D4-7DBBCB9A709B}"
EndProject
Global
	GlobalSection(SolutionConfigurationPlatforms) = preSolution
		Debug|Any CPU = Debug|Any CPU
		Release|Any CPU = Release|Any CPU
	EndGlobalSection
	GlobalSection(ProjectConfigurationPlatforms) = postSolution
		{BFB506D8-3BBB-4E76-82D4-7DBBCB9A709B}.Debug|Any CPU.ActiveCfg = Debug|Any CPU
		{BFB506D8-3BBB-4E76-82D4-7DBBCB9A709B}.Debug|Any CPU.Build.0 = Debug|Any CPU
		{BFB506D8-3BBB-4E76-82D4-7DBBCB9A709B}.Release|Any CPU.ActiveCfg = Release|Any CPU
		{BFB506D8-3BBB-4E76-82D4-7DBBCB9A709B}.Release|Any CPU.Build.0 = Release|Any CPU
	EndGlobalSection
EndGlobal
